
Microsoft Visual Studio Solution File, Format Version 12.00
# Visual Studio Version 17
VisualStudioVersion = 17.12.35323.107
MinimumVisualStudioVersion = 10.0.40219.1
Project("{FAE04EC0-301F-11D3-BF4B-00C04F79EFBC}") = "p5rpc.evt.fadeouttablemerge", "p5rpc.evt.fadeouttablemerge.csproj", "{8644408B-0818-4FF9-872E-56E80FF630BB}"
EndProject
Global
	GlobalSection(SolutionConfigurationPlatforms) = preSolution
		Debug|Any CPU = Debug|Any CPU
		Release|Any CPU = Release|Any CPU
	EndGlobalSection
	GlobalSection(ProjectConfigurationPlatforms) = postSolution
		{8644408B-0818-4FF9-872E-56E80FF630BB}.Debug|Any CPU.ActiveCfg = Debug|Any CPU
		{8644408B-0818-4FF9-872E-56E80FF630BB}.Debug|Any CPU.Build.0 = Debug|Any CPU
		{8644408B-0818-4FF9-872E-56E80FF630BB}.Release|Any CPU.ActiveCfg = Release|Any CPU
		{8644408B-0818-4FF9-872E-56E80FF630BB}.Release|Any CPU.Build.0 = Release|Any CPU
	EndGlobalSection
	GlobalSection(SolutionProperties) = preSolution
		HideSolutionNode = FALSE
	EndGlobalSection
	GlobalSection(ExtensibilityGlobals) = postSolution
		SolutionGuid = {90F35166-1F9F-444F-82CD-1AE40AFC7619}
	EndGlobalSection
EndGlobal
